
Microsoft Visual Studio Solution File, Format Version 12.00
# Visual Studio 15
VisualStudioVersion = 15.0.28307.136
MinimumVisualStudioVersion = 10.0.40219.1
Project("{FAE04EC0-301F-11D3-BF4B-00C04F79EFBC}") = "Monster Hunter Battle Set", "Monster Hunter Battle Set\Monster Hunter Battle Set.csproj", "{17D81DDE-5F83-48C5-861D-6940B6BEE4FB}"
EndProject
Global
	GlobalSection(SolutionConfigurationPlatforms) = preSolution
		Debug|Any CPU = Debug|Any CPU
		Release|Any CPU = Release|Any CPU
	EndGlobalSection
	GlobalSection(ProjectConfigurationPlatforms) = postSolution
		{17D81DDE-5F83-48C5-861D-6940B6BEE4FB}.Debug|Any CPU.ActiveCfg = Debug|Any CPU
		{17D81DDE-5F83-48C5-861D-6940B6BEE4FB}.Debug|Any CPU.Build.0 = Debug|Any CPU
		{17D81DDE-5F83-48C5-861D-6940B6BEE4FB}.Release|Any CPU.ActiveCfg = Release|Any CPU
		{17D81DDE-5F83-48C5-861D-6940B6BEE4FB}.Release|Any CPU.Build.0 = Release|Any CPU
	EndGlobalSection
	GlobalSection(SolutionProperties) = preSolution
		HideSolutionNode = FALSE
	EndGlobalSection
	GlobalSection(ExtensibilityGlobals) = postSolution
		SolutionGuid = {45B78B8F-8A99-483B-A823-08DE4C80BA6F}
	EndGlobalSection
EndGlobal
